
Microsoft Visual Studio Solution File, Format Version 12.00
# Visual Studio Version 16
VisualStudioVersion = 16.0.28803.202
MinimumVisualStudioVersion = 10.0.40219.1
Project("{FAE04EC0-301F-11D3-BF4B-00C04F79EFBC}") = "MusicPlayer", "MusicPlayer\MusicPlayer.csproj", "{18A2873C-D8ED-402A-B70D-72FFA779C008}"
EndProject
Project("{FAE04EC0-301F-11D3-BF4B-00C04F79EFBC}") = "MusicPlayerTests", "MusicPlayerTests\MusicPlayerTests.csproj", "{7200702B-698D-4694-94AB-6A89DF475F18}"
EndProject
Global
	GlobalSection(SolutionConfigurationPlatforms) = preSolution
		Debug|Any CPU = Debug|Any CPU
		Release|Any CPU = Release|Any CPU
	EndGlobalSection
	GlobalSection(ProjectConfigurationPlatforms) = postSolution
		{18A2873C-D8ED-402A-B70D-72FFA779C008}.Debug|Any CPU.ActiveCfg = Debug|Any CPU
		{18A2873C-D8ED-402A-B70D-72FFA779C008}.Debug|Any CPU.Build.0 = Debug|Any CPU
		{18A2873C-D8ED-402A-B70D-72FFA779C008}.Release|Any CPU.ActiveCfg = Release|Any CPU
		{18A2873C-D8ED-402A-B70D-72FFA779C008}.Release|Any CPU.Build.0 = Release|Any CPU
		{7200702B-698D-4694-94AB-6A89DF475F18}.Debug|Any CPU.ActiveCfg = Debug|Any CPU
		{7200702B-698D-4694-94AB-6A89DF475F18}.Debug|Any CPU.Build.0 = Debug|Any CPU
		{7200702B-698D-4694-94AB-6A89DF475F18}.Release|Any CPU.ActiveCfg = Release|Any CPU
		{7200702B-698D-4694-94AB-6A89DF475F18}.Release|Any CPU.Build.0 = Release|Any CPU
	EndGlobalSection
	GlobalSection(SolutionProperties) = preSolution
		HideSolutionNode = FALSE
	EndGlobalSection
	GlobalSection(ExtensibilityGlobals) = postSolution
		SolutionGuid = {39CDAA34-62BA-45DB-970D-789C9F08D2F0}
	EndGlobalSection
EndGlobal
